// !$*UTF8*$!
{
	archiveVersion = 1;
	classes = {
	};
	objectVersion = 50;
	objects = {

/* Begin PBXBuildFile section */
		3FC4A99121840D9B000996DA /* AppDelegate.swift in Sources */ = {isa = PBXBuildFile; fileRef = 3FC4A99021840D9B000996DA /* AppDelegate.swift */; };
		3FC4A99321840D9B000996DA /* ViewController.swift in Sources */ = {isa = PBXBuildFile; fileRef = 3FC4A99221840D9B000996DA /* ViewController.swift */; };
		3FC4A99621840D9B000996DA /* Main.storyboard in Resources */ = {isa = PBXBuildFile; fileRef = 3FC4A99421840D9B000996DA /* Main.storyboard */; };
		3FC4A99821840D9B000996DA /* Assets.xcassets in Resources */ = {isa = PBXBuildFile; fileRef = 3FC4A99721840D9B000996DA /* Assets.xcassets */; };
		3FC4A99B21840D9B000996DA /* LaunchScreen.storyboard in Resources */ = {isa = PBXBuildFile; fileRef = 3FC4A99921840D9B000996DA /* LaunchScreen.storyboard */; };
		3FC4A9A621840D9C000996DA /* shiyan6_2Tests.swift in Sources */ = {isa = PBXBuildFile; fileRef = 3FC4A9A521840D9C000996DA /* shiyan6_2Tests.swift */; };
/* End PBXBuildFile section */

/* Begin PBXContainerItemProxy section */
		3FC4A9A221840D9C000996DA /* PBXContainerItemProxy */ = {
			isa = PBXContainerItemProxy;
			containerPortal = 3FC4A98521840D9B000996DA /* Project object */;
			proxyType = 1;
			remoteGlobalIDString = 3FC4A98C21840D9B000996DA;
			remoteInfo = "shiyan6-2";
		};
/* End PBXContainerItemProxy section */

/* Begin PBXFileReference section */
		3FC4A98D21840D9B000996DA /* shiyan6-2.app */ = {isa = PBXFileReference; explicitFileType = wrapper.application; includeInIndex = 0; path = "shiyan6-2.app"; sourceTree = BUILT_PRODUCTS_DIR; };
		3FC4A99021840D9B000996DA /* AppDelegate.swift */ = {isa = PBXFileReference; lastKnownFileType = sourcecode.swift; path = AppDelegate.swift; sourceTree = "<group>"; };
		3FC4A99221840D9B000996DA /* ViewController.swift */ = {isa = PBXFileReference; lastKnownFileType = sourcecode.swift; path = ViewController.swift; sourceTree = "<group>"; };
		3FC4A99521840D9B000996DA /* Base */ = {isa = PBXFileReference; lastKnownFileType = file.storyboard; name = Base; path = Base.lproj/Main.storyboard; sourceTree = "<group>"; };
		3FC4A99721840D9B000996DA /* Assets.xcassets */ = {isa = PBXFileReference; lastKnownFileType = folder.assetcatalog; path = Assets.xcassets; sourceTree = "<group>"; };
		3FC4A99A21840D9B000996DA /* Base */ = {isa = PBXFileReference; lastKnownFileType = file.storyboard; name = Base; path = Base.lproj/LaunchScreen.storyboard; sourceTree = "<group>"; };
		3FC4A99C21840D9B000996DA /* Info.plist */ = {isa = PBXFileReference; lastKnownFileType = text.plist.xml; path = Info.plist; sourceTree = "<group>"; };
		3FC4A9A121840D9C000996DA /* shiyan6-2Tests.xctest */ = {isa = PBXFileReference; explicitFileType = wrapper.cfbundle; includeInIndex = 0; path = "shiyan6-2Tests.xctest"; sourceTree = BUILT_PRODUCTS_DIR; };
		3FC4A9A521840D9C000996DA /* shiyan6_2Tests.swift */ = {isa = PBXFileReference; lastKnownFileType = sourcecode.swift; path = shiyan6_2Tests.swift; sourceTree = "<group>"; };
		3FC4A9A721840D9C000996DA /* Info.plist */ = {isa = PBXFileReference; lastKnownFileType = text.plist.xml; path = Info.plist; sourceTree = "<group>"; };
/* End PBXFileReference section */

/* Begin PBXFrameworksBuildPhase section */
		3FC4A98A21840D9B000996DA /* Frameworks */ = {
			isa = PBXFrameworksBuildPhase;
			buildActionMask = 2147483647;
			files = (
			);
			runOnlyForDeploymentPostprocessing = 0;
		};
		3FC4A99E21840D9C000996DA /* Frameworks */ = {
			isa = PBXFrameworksBuildPhase;
			buildActionMask = 2147483647;
			files = (
			);
			runOnlyForDeploymentPostprocessing = 0;
		};
/* End PBXFrameworksBuildPhase section */

/* Begin PBXGroup section */
		3FC4A98421840D9B000996DA = {
			isa = PBXGroup;
			children = (
				3FC4A98F21840D9B000996DA /* shiyan6-2 */,
				3FC4A9A421840D9C000996DA /* shiyan6-2Tests */,
				3FC4A98E21840D9B000996DA /* Products */,
			);
			sourceTree = "<group>";
		};
		3FC4A98E21840D9B000996DA /* Products */ = {
			isa = PBXGroup;
			children = (
				3FC4A98D21840D9B000996DA /* shiyan6-2.app */,
				3FC4A9A121840D9C000996DA /* shiyan6-2Tests.xctest */,
			);
			name = Products;
			sourceTree = "<group>";
		};
		3FC4A98F21840D9B000996DA /* shiyan6-2 */ = {
			isa = PBXGroup;
			children = (
				3FC4A99021840D9B000996DA /* AppDelegate.swift */,
				3FC4A99221840D9B000996DA /* ViewController.swift */,
				3FC4A99421840D9B000996DA /* Main.storyboard */,
				3FC4A99721840D9B000996DA /* Assets.xcassets */,
				3FC4A99921840D9B000996DA /* LaunchScreen.storyboard */,
				3FC4A99C21840D9B000996DA /* Info.plist */,
			);
			path = "shiyan6-2";
			sourceTree = "<group>";
		};
		3FC4A9A421840D9C000996DA /* shiyan6-2Tests */ = {
			isa = PBXGroup;
			children = (
				3FC4A9A521840D9C000996DA /* shiyan6_2Tests.swift */,
				3FC4A9A721840D9C000996DA /* Info.plist */,
			);
			path = "shiyan6-2Tests";
			sourceTree = "<group>";
		};
/* End PBXGroup section */

/* Begin PBXNativeTarget section */
		3FC4A98C21840D9B000996DA /* shiyan6-2 */ = {
			isa = PBXNativeTarget;
			buildConfigurationList = 3FC4A9AA21840D9C000996DA /* Build configuration list for PBXNativeTarget "shiyan6-2" */;
			buildPhases = (
				3FC4A98921840D9B000996DA /* Sources */,
				3FC4A98A21840D9B000996DA /* Frameworks */,
				3FC4A98B21840D9B000996DA /* Resources */,
			);
			buildRules = (
			);
			dependencies = (
			);
			name = "shiyan6-2";
			productName = "shiyan6-2";
			productReference = 3FC4A98D21840D9B000996DA /* shiyan6-2.app */;
			productType = "com.apple.product-type.application";
		};
		3FC4A9A021840D9C000996DA /* shiyan6-2Tests */ = {
			isa = PBXNativeTarget;
			buildConfigurationList = 3FC4A9AD21840D9C000996DA /* Build configuration list for PBXNativeTarget "shiyan6-2Tests" */;
			buildPhases = (
				3FC4A99D21840D9C000996DA /* Sources */,
				3FC4A99E21840D9C000996DA /* Frameworks */,
				3FC4A99F21840D9C000996DA /* Resources */,
			);
			buildRules = (
			);
			dependencies = (
				3FC4A9A321840D9C000996DA /* PBXTargetDependency */,
			);
			name = "shiyan6-2Tests";
			productName = "shiyan6-2Tests";
			productReference = 3FC4A9A121840D9C000996DA /* shiyan6-2Tests.xctest */;
			productType = "com.apple.product-type.bundle.unit-test";
		};
/* End PBXNativeTarget section */

/* Begin PBXProject section */
		3FC4A98521840D9B000996DA /* Project object */ = {
			isa = PBXProject;
			attributes = {
				LastSwiftUpdateCheck = 0940;
				LastUpgradeCheck = 0940;
				ORGANIZATIONNAME = xionghuan;
				TargetAttributes = {
					3FC4A98C21840D9B000996DA = {
						CreatedOnToolsVersion = 9.4.1;
					};
					3FC4A9A021840D9C000996DA = {
						CreatedOnToolsVersion = 9.4.1;
						TestTargetID = 3FC4A98C21840D9B000996DA;
					};
				};
			};
			buildConfigurationList = 3FC4A98821840D9B000996DA /* Build configuration list for PBXProject "shiyan6-2" */;
			compatibilityVersion = "Xcode 9.3";
			developmentRegion = en;
			hasScannedForEncodings = 0;
			knownRegions = (
				en,
				Base,
			);
			mainGroup = 3FC4A98421840D9B000996DA;
			productRefGroup = 3FC4A98E21840D9B000996DA /* Products */;
			projectDirPath = "";
			projectRoot = "";
			targets = (
				3FC4A98C21840D9B000996DA /* shiyan6-2 */,
				3FC4A9A021840D9C000996DA /* shiyan6-2Tests */,
			);
		};
/* End PBXProject section */

/* Begin PBXResourcesBuildPhase section */
		3FC4A98B21840D9B000996DA /* Resources */ = {
			isa = PBXResourcesBuildPhase;
			buildActionMask = 2147483647;
			files = (
				3FC4A99B21840D9B000996DA /* LaunchScreen.storyboard in Resources */,
				3FC4A99821840D9B000996DA /* Assets.xcassets in Resources */,
				3FC4A99621840D9B000996DA /* Main.storyboard in Resources */,
			);
			runOnlyForDeploymentPostprocessing = 0;
		};
		3FC4A99F21840D9C000996DA /* Resources */ = {
			isa = PBXResourcesBuildPhase;
			buildActionMask = 2147483647;
			files = (
			);
			runOnlyForDeploymentPostprocessing = 0;
		};
/* End PBXResourcesBuildPhase section */

/* Begin PBXSourcesBuildPhase section */
		3FC4A98921840D9B000996DA /* Sources */ = {
			isa = PBXSourcesBuildPhase;
			buildActionMask = 2147483647;
			files = (
				3FC4A99321840D9B000996DA /* ViewController.swift in Sources */,
				3FC4A99121840D9B000996DA /* AppDelegate.swift in Sources */,
			);
			runOnlyForDeploymentPostprocessing = 0;
		};
		3FC4A99D21840D9C000996DA /* Sources */ = {
			isa = PBXSourcesBuildPhase;
			buildActionMask = 2147483647;
			files = (
				3FC4A9A621840D9C000996DA /* shiyan6_2Tests.swift in Sources */,
			);
			runOnlyForDeploymentPostprocessing = 0;
		};
/* End PBXSourcesBuildPhase section */

/* Begin PBXTargetDependency section */
		3FC4A9A321840D9C000996DA /* PBXTargetDependency */ = {
			isa = PBXTargetDependency;
			target = 3FC4A98C21840D9B000996DA /* shiyan6-2 */;
			targetProxy = 3FC4A9A221840D9C000996DA /* PBXContainerItemProxy */;
		};
/* End PBXTargetDependency section */

/* Begin PBXVariantGroup section */
		3FC4A99421840D9B000996DA /* Main.storyboard */ = {
			isa = PBXVariantGroup;
			children = (
				3FC4A99521840D9B000996DA /* Base */,
			);
			name = Main.storyboard;
			sourceTree = "<group>";
		};
		3FC4A99921840D9B000996DA /* LaunchScreen.storyboard */ = {
			isa = PBXVariantGroup;
			children = (
				3FC4A99A21840D9B000996DA /* Base */,
			);
			name = LaunchScreen.storyboard;
			sourceTree = "<group>";
		};
/* End PBXVariantGroup section */

/* Begin XCBuildConfiguration section */
		3FC4A9A821840D9C000996DA /* Debug */ = {
			isa = XCBuildConfiguration;
			buildSettings = {
				ALWAYS_SEARCH_USER_PATHS = NO;
				CLANG_ANALYZER_NONNULL = YES;
				CLANG_ANALYZER_NUMBER_OBJECT_CONVERSION = YES_AGGRESSIVE;
				CLANG_CXX_LANGUAGE_STANDARD = "gnu++14";
				CLANG_CXX_LIBRARY = "libc++";
				CLANG_ENABLE_MODULES = YES;
				CLANG_ENABLE_OBJC_ARC = YES;
				CLANG_ENABLE_OBJC_WEAK = YES;
				CLANG_WARN_BLOCK_CAPTURE_AUTORELEASING = YES;
				CLANG_WARN_BOOL_CONVERSION = YES;
				CLANG_WARN_COMMA = YES;
				CLANG_WARN_CONSTANT_CONVERSION = YES;
				CLANG_WARN_DEPRECATED_OBJC_IMPLEMENTATIONS = YES;
				CLANG_WARN_DIRECT_OBJC_ISA_USAGE = YES_ERROR;
				CLANG_WARN_DOCUMENTATION_COMMENTS = YES;
				CLANG_WARN_EMPTY_BODY = YES;
				CLANG_WARN_ENUM_CONVERSION = YES;
				CLANG_WARN_INFINITE_RECURSION = YES;
				CLANG_WARN_INT_CONVERSION = YES;
				CLANG_WARN_NON_LITERAL_NULL_CONVERSION = YES;
				CLANG_WARN_OBJC_IMPLICIT_RETAIN_SELF = YES;
				CLANG_WARN_OBJC_LITERAL_CONVERSION = YES;
				CLANG_WARN_OBJC_ROOT_CLASS = YES_ERROR;
				CLANG_WARN_RANGE_LOOP_ANALYSIS = YES;
				CLANG_WARN_STRICT_PROTOTYPES = YES;
				CLANG_WARN_SUSPICIOUS_MOVE = YES;
				CLANG_WARN_UNGUARDED_AVAILABILITY = YES_AGGRESSIVE;
				CLANG_WARN_UNREACHABLE_CODE = YES;
				CLANG_WARN__DUPLICATE_METHOD_MATCH = YES;
				CODE_SIGN_IDENTITY = "iPhone Developer";
				COPY_PHASE_STRIP = NO;
				DEBUG_INFORMATION_FORMAT = dwarf;
				ENABLE_STRICT_OBJC_MSGSEND = YES;
				ENABLE_TESTABILITY = YES;
				GCC_C_LANGUAGE_STANDARD = gnu11;
				GCC_DYNAMIC_NO_PIC = NO;
				GCC_NO_COMMON_BLOCKS = YES;
				GCC_OPTIMIZATION_LEVEL = 0;
				GCC_PREPROCESSOR_DEFINITIONS = (
					"DEBUG=1",
					"$(inherited)",
				);
				GCC_WARN_64_TO_32_BIT_CONVERSION = YES;
				GCC_WARN_ABOUT_RETURN_TYPE = YES_ERROR;
				GCC_WARN_UNDECLARED_SELECTOR = YES;
				GCC_WARN_UNINITIALIZED_AUTOS = YES_AGGRESSIVE;
				GCC_WARN_UNUSED_FUNCTION = YES;
				GCC_WARN_UNUSED_VARIABLE = YES;
				IPHONEOS_DEPLOYMENT_TARGET = 11.4;
				MTL_ENABLE_DEBUG_INFO = YES;
				ONLY_ACTIVE_ARCH = YES;
				SDKROOT = iphoneos;
				SWIFT_ACTIVE_COMPILATION_CONDITIONS = DEBUG;
				SWIFT_OPTIMIZATION_LEVEL = "-Onone";
			};
			name = Debug;
		};
		3FC4A9A921840D9C000996DA /* Release */ = {
			isa = XCBuildConfiguration;
			buildSettings = {
				ALWAYS_SEARCH_USER_PATHS = NO;
				CLANG_ANALYZER_NONNULL = YES;
				CLANG_ANALYZER_NUMBER_OBJECT_CONVERSION = YES_AGGRESSIVE;
				CLANG_CXX_LANGUAGE_STANDARD = "gnu++14";
				CLANG_CXX_LIBRARY = "libc++";
				CLANG_ENABLE_MODULES = YES;
				CLANG_ENABLE_OBJC_ARC = YES;
				CLANG_ENABLE_OBJC_WEAK = YES;
				CLANG_WARN_BLOCK_CAPTURE_AUTORELEASING = YES;
				CLANG_WARN_BOOL_CONVERSION = YES;
				CLANG_WARN_COMMA = YES;
				CLANG_WARN_CONSTANT_CONVERSION = YES;
				CLANG_WARN_DEPRECATED_OBJC_IMPLEMENTATIONS = YES;
				CLANG_WARN_DIRECT_OBJC_ISA_USAGE = YES_ERROR;
				CLANG_WARN_DOCUMENTATION_COMMENTS = YES;
				CLANG_WARN_EMPTY_BODY = YES;
				CLANG_WARN_ENUM_CONVERSION = YES;
				CLANG_WARN_INFINITE_RECURSION = YES;
				CLANG_WARN_INT_CONVERSION = YES;
				CLANG_WARN_NON_LITERAL_NULL_CONVERSION = YES;
				CLANG_WARN_OBJC_IMPLICIT_RETAIN_SELF = YES;
				CLANG_WARN_OBJC_LITERAL_CONVERSION = YES;
				CLANG_WARN_OBJC_ROOT_CLASS = YES_ERROR;
				CLANG_WARN_RANGE_LOOP_ANALYSIS = YES;
				CLANG_WARN_STRICT_PROTOTYPES = YES;
				CLANG_WARN_SUSPICIOUS_MOVE = YES;
				CLANG_WARN_UNGUARDED_AVAILABILITY = YES_AGGRESSIVE;
				CLANG_WARN_UNREACHABLE_CODE = YES;
				CLANG_WARN__DUPLICATE_METHOD_MATCH = YES;
				CODE_SIGN_IDENTITY = "iPhone Developer";
				COPY_PHASE_STRIP = NO;
				DEBUG_INFORMATION_FORMAT = "dwarf-with-dsym";
				ENABLE_NS_ASSERTIONS = NO;
				ENABLE_STRICT_OBJC_MSGSEND = YES;
				GCC_C_LANGUAGE_STANDARD = gnu11;
				GCC_NO_COMMON_BLOCKS = YES;
				GCC_WARN_64_TO_32_BIT_CONVERSION = YES;
				GCC_WARN_ABOUT_RETURN_TYPE = YES_ERROR;
				GCC_WARN_UNDECLARED_SELECTOR = YES;
				GCC_WARN_UNINITIALIZED_AUTOS = YES_AGGRESSIVE;
				GCC_WARN_UNUSED_FUNCTION = YES;
				GCC_WARN_UNUSED_VARIABLE = YES;
				IPHONEOS_DEPLOYMENT_TARGET = 11.4;
				MTL_ENABLE_DEBUG_INFO = NO;
				SDKROOT = iphoneos;
				SWIFT_COMPILATION_MODE = wholemodule;
				SWIFT_OPTIMIZATION_LEVEL = "-O";
				VALIDATE_PRODUCT = YES;
			};
			name = Release;
		};
		3FC4A9AB21840D9C000996DA /* Debug */ = {
			isa = XCBuildConfiguration;
			buildSettings = {
				ASSETCATALOG_COMPILER_APPICON_NAME = AppIcon;
				CODE_SIGN_STYLE = Automatic;
				INFOPLIST_FILE = "shiyan6-2/Info.plist";
				LD_RUNPATH_SEARCH_PATHS = (
					"$(inherited)",
					"@executable_path/Frameworks",
				);
				PRODUCT_BUNDLE_IDENTIFIER = "-016110343.shiyan6-2";
				PRODUCT_NAME = "$(TARGET_NAME)";
				SWIFT_VERSION = 4.0;
				TARGETED_DEVICE_FAMILY = "1,2";
			};
			name = Debug;
		};
		3FC4A9AC21840D9C000996DA /* Release */ = {
			isa = XCBuildConfiguration;
			buildSettings = {
				ASSETCATALOG_COMPILER_APPICON_NAME = AppIcon;
				CODE_SIGN_STYLE = Automatic;
				INFOPLIST_FILE = "shiyan6-2/Info.plist";
				LD_RUNPATH_SEARCH_PATHS = (
					"$(inherited)",
					"@executable_path/Frameworks",
				);
				PRODUCT_BUNDLE_IDENTIFIER = "-016110343.shiyan6-2";
				PRODUCT_NAME = "$(TARGET_NAME)";
				SWIFT_VERSION = 4.0;
				TARGETED_DEVICE_FAMILY = "1,2";
			};
			name = Release;
		};
		3FC4A9AE21840D9C000996DA /* Debug */ = {
			isa = XCBuildConfiguration;
			buildSettings = {
				ALWAYS_EMBED_SWIFT_STANDARD_LIBRARIES = YES;
				BUNDLE_LOADER = "$(TEST_HOST)";
				CODE_SIGN_STYLE = Automatic;
				INFOPLIST_FILE = "shiyan6-2Tests/Info.plist";
				LD_RUNPATH_SEARCH_PATHS = (
					"$(inherited)",
					"@executable_path/Frameworks",
					"@loader_path/Frameworks",
				);
				PRODUCT_BUNDLE_IDENTIFIER = "-016110343.shiyan6-2Tests";
				PRODUCT_NAME = "$(TARGET_NAME)";
				SWIFT_VERSION = 4.0;
				TARGETED_DEVICE_FAMILY = "1,2";
				TEST_HOST = "$(BUILT_PRODUCTS_DIR)/shiyan6-2.app/shiyan6-2";
			};
			name = Debug;
		};
		3FC4A9AF21840D9C000996DA /* Release */ = {
			isa = XCBuildConfiguration;
			buildSettings = {
				ALWAYS_EMBED_SWIFT_STANDARD_LIBRARIES = YES;
				BUNDLE_LOADER = "$(TEST_HOST)";
				CODE_SIGN_STYLE = Automatic;
				INFOPLIST_FILE = "shiyan6-2Tests/Info.plist";
				LD_RUNPATH_SEARCH_PATHS = (
					"$(inherited)",
					"@executable_path/Frameworks",
					"@loader_path/Frameworks",
				);
				PRODUCT_BUNDLE_IDENTIFIER = "-016110343.shiyan6-2Tests";
				PRODUCT_NAME = "$(TARGET_NAME)";
				SWIFT_VERSION = 4.0;
				TARGETED_DEVICE_FAMILY = "1,2";
				TEST_HOST = "$(BUILT_PRODUCTS_DIR)/shiyan6-2.app/shiyan6-2";
			};
			name = Release;
		};
/* End XCBuildConfiguration section */

/* Begin XCConfigurationList section */
		3FC4A98821840D9B000996DA /* Build configuration list for PBXProject "shiyan6-2" */ = {
			isa = XCConfigurationList;
			buildConfigurations = (
				3FC4A9A821840D9C000996DA /* Debug */,
				3FC4A9A921840D9C000996DA /* Release */,
			);
			defaultConfigurationIsVisible = 0;
			defaultConfigurationName = Release;
		};
		3FC4A9AA21840D9C000996DA /* Build configuration list for PBXNativeTarget "shiyan6-2" */ = {
			isa = XCConfigurationList;
			buildConfigurations = (
				3FC4A9AB21840D9C000996DA /* Debug */,
				3FC4A9AC21840D9C000996DA /* Release */,
			);
			defaultConfigurationIsVisible = 0;
			defaultConfigurationName = Release;
		};
		3FC4A9AD21840D9C000996DA /* Build configuration list for PBXNativeTarget "shiyan6-2Tests" */ = {
			isa = XCConfigurationList;
			buildConfigurations = (
				3FC4A9AE21840D9C000996DA /* Debug */,
				3FC4A9AF21840D9C000996DA /* Release */,
			);
			defaultConfigurationIsVisible = 0;
			defaultConfigurationName = Release;
		};
/* End XCConfigurationList section */
	};
	rootObject = 3FC4A98521840D9B000996DA /* Project object */;
}
